
Microsoft Visual Studio Solution File, Format Version 12.00
# Visual Studio Version 16
VisualStudioVersion = 16.0.30204.135
MinimumVisualStudioVersion = 10.0.40219.1
Project("{FAE04EC0-301F-11D3-BF4B-00C04F79EFBC}") = "FIFOAnimalShelter", "FIFOAnimalShelter\FIFOAnimalShelter.csproj", "{3E0605B7-77D7-436E-894A-F2C434FFEB32}"
EndProject
Project("{FAE04EC0-301F-11D3-BF4B-00C04F79EFBC}") = "ShelterTests", "ShelterTests\ShelterTests.csproj", "{3203A7F3-C308-444F-B2E7-DE04CBE91150}"
EndProject
Global
	GlobalSection(SolutionConfigurationPlatforms) = preSolution
		Debug|Any CPU = Debug|Any CPU
		Release|Any CPU = Release|Any CPU
	EndGlobalSection
	GlobalSection(ProjectConfigurationPlatforms) = postSolution
		{3E0605B7-77D7-436E-894A-F2C434FFEB32}.Debug|Any CPU.ActiveCfg = Debug|Any CPU
		{3E0605B7-77D7-436E-894A-F2C434FFEB32}.Debug|Any CPU.Build.0 = Debug|Any CPU
		{3E0605B7-77D7-436E-894A-F2C434FFEB32}.Release|Any CPU.ActiveCfg = Release|Any CPU
		{3E0605B7-77D7-436E-894A-F2C434FFEB32}.Release|Any CPU.Build.0 = Release|Any CPU
		{3203A7F3-C308-444F-B2E7-DE04CBE91150}.Debug|Any CPU.ActiveCfg = Debug|Any CPU
		{3203A7F3-C308-444F-B2E7-DE04CBE91150}.Debug|Any CPU.Build.0 = Debug|Any CPU
		{3203A7F3-C308-444F-B2E7-DE04CBE91150}.Release|Any CPU.ActiveCfg = Release|Any CPU
		{3203A7F3-C308-444F-B2E7-DE04CBE91150}.Release|Any CPU.Build.0 = Release|Any CPU
	EndGlobalSection
	GlobalSection(SolutionProperties) = preSolution
		HideSolutionNode = FALSE
	EndGlobalSection
	GlobalSection(ExtensibilityGlobals) = postSolution
		SolutionGuid = {AE38203C-169C-4091-A7DF-5EC5B9A41A07}
	EndGlobalSection
EndGlobal
