
Microsoft Visual Studio Solution File, Format Version 12.00
# Visual Studio Version 16
VisualStudioVersion = 16.0.30204.135
MinimumVisualStudioVersion = 10.0.40219.1
Project("{FAE04EC0-301F-11D3-BF4B-00C04F79EFBC}") = "RepeatedWord", "RepeatedWord\RepeatedWord.csproj", "{1FFBA082-774E-4B7C-A713-4034E1C79A31}"
EndProject
Project("{FAE04EC0-301F-11D3-BF4B-00C04F79EFBC}") = "RepeatWordTests", "RepeatWordTests\RepeatWordTests.csproj", "{B53F369D-7394-4270-8641-5E9DAB1A507C}"
EndProject
Global
	GlobalSection(SolutionConfigurationPlatforms) = preSolution
		Debug|Any CPU = Debug|Any CPU
		Release|Any CPU = Release|Any CPU
	EndGlobalSection
	GlobalSection(ProjectConfigurationPlatforms) = postSolution
		{1FFBA082-774E-4B7C-A713-4034E1C79A31}.Debug|Any CPU.ActiveCfg = Debug|Any CPU
		{1FFBA082-774E-4B7C-A713-4034E1C79A31}.Debug|Any CPU.Build.0 = Debug|Any CPU
		{1FFBA082-774E-4B7C-A713-4034E1C79A31}.Release|Any CPU.ActiveCfg = Release|Any CPU
		{1FFBA082-774E-4B7C-A713-4034E1C79A31}.Release|Any CPU.Build.0 = Release|Any CPU
		{B53F369D-7394-4270-8641-5E9DAB1A507C}.Debug|Any CPU.ActiveCfg = Debug|Any CPU
		{B53F369D-7394-4270-8641-5E9DAB1A507C}.Debug|Any CPU.Build.0 = Debug|Any CPU
		{B53F369D-7394-4270-8641-5E9DAB1A507C}.Release|Any CPU.ActiveCfg = Release|Any CPU
		{B53F369D-7394-4270-8641-5E9DAB1A507C}.Release|Any CPU.Build.0 = Release|Any CPU
	EndGlobalSection
	GlobalSection(SolutionProperties) = preSolution
		HideSolutionNode = FALSE
	EndGlobalSection
	GlobalSection(ExtensibilityGlobals) = postSolution
		SolutionGuid = {77C73DAE-1CDD-4B0F-BC34-B0A85F06C143}
	EndGlobalSection
EndGlobal
