
Microsoft Visual Studio Solution File, Format Version 12.00
# Visual Studio Version 16
VisualStudioVersion = 16.0.30204.135
MinimumVisualStudioVersion = 10.0.40219.1
Project("{FAE04EC0-301F-11D3-BF4B-00C04F79EFBC}") = "HashtableLibrary", "Hashtable\HashtableLibrary.csproj", "{55D10353-21A1-450B-9FC0-B63ADA1DA1B0}"
EndProject
Project("{FAE04EC0-301F-11D3-BF4B-00C04F79EFBC}") = "HashtableTests", "HashtableTests\HashtableTests.csproj", "{83A27C48-A2F3-446F-869C-A1F1B76E374E}"
EndProject
Global
	GlobalSection(SolutionConfigurationPlatforms) = preSolution
		Debug|Any CPU = Debug|Any CPU
		Release|Any CPU = Release|Any CPU
	EndGlobalSection
	GlobalSection(ProjectConfigurationPlatforms) = postSolution
		{55D10353-21A1-450B-9FC0-B63ADA1DA1B0}.Debug|Any CPU.ActiveCfg = Debug|Any CPU
		{55D10353-21A1-450B-9FC0-B63ADA1DA1B0}.Debug|Any CPU.Build.0 = Debug|Any CPU
		{55D10353-21A1-450B-9FC0-B63ADA1DA1B0}.Release|Any CPU.ActiveCfg = Release|Any CPU
		{55D10353-21A1-450B-9FC0-B63ADA1DA1B0}.Release|Any CPU.Build.0 = Release|Any CPU
		{83A27C48-A2F3-446F-869C-A1F1B76E374E}.Debug|Any CPU.ActiveCfg = Debug|Any CPU
		{83A27C48-A2F3-446F-869C-A1F1B76E374E}.Debug|Any CPU.Build.0 = Debug|Any CPU
		{83A27C48-A2F3-446F-869C-A1F1B76E374E}.Release|Any CPU.ActiveCfg = Release|Any CPU
		{83A27C48-A2F3-446F-869C-A1F1B76E374E}.Release|Any CPU.Build.0 = Release|Any CPU
	EndGlobalSection
	GlobalSection(SolutionProperties) = preSolution
		HideSolutionNode = FALSE
	EndGlobalSection
	GlobalSection(ExtensibilityGlobals) = postSolution
		SolutionGuid = {64776A0D-6A6E-4F1B-B75A-414B44923792}
	EndGlobalSection
EndGlobal
