
Microsoft Visual Studio Solution File, Format Version 12.00
# Visual Studio Version 16
VisualStudioVersion = 16.0.30204.135
MinimumVisualStudioVersion = 10.0.40219.1
Project("{FAE04EC0-301F-11D3-BF4B-00C04F79EFBC}") = "TreeIntersectionChallenge", "TreeIntersection\TreeIntersectionChallenge.csproj", "{07735FAE-5778-4378-B7BE-3DCF43E9294A}"
EndProject
Global
	GlobalSection(SolutionConfigurationPlatforms) = preSolution
		Debug|Any CPU = Debug|Any CPU
		Release|Any CPU = Release|Any CPU
	EndGlobalSection
	GlobalSection(ProjectConfigurationPlatforms) = postSolution
		{07735FAE-5778-4378-B7BE-3DCF43E9294A}.Debug|Any CPU.ActiveCfg = Debug|Any CPU
		{07735FAE-5778-4378-B7BE-3DCF43E9294A}.Debug|Any CPU.Build.0 = Debug|Any CPU
		{07735FAE-5778-4378-B7BE-3DCF43E9294A}.Release|Any CPU.ActiveCfg = Release|Any CPU
		{07735FAE-5778-4378-B7BE-3DCF43E9294A}.Release|Any CPU.Build.0 = Release|Any CPU
	EndGlobalSection
	GlobalSection(SolutionProperties) = preSolution
		HideSolutionNode = FALSE
	EndGlobalSection
	GlobalSection(ExtensibilityGlobals) = postSolution
		SolutionGuid = {AC220AF9-5488-4DBE-BD4E-68F70B97B9FE}
	EndGlobalSection
EndGlobal
