
Microsoft Visual Studio Solution File, Format Version 12.00
# Visual Studio Version 16
VisualStudioVersion = 16.0.30204.135
MinimumVisualStudioVersion = 10.0.40219.1
Project("{FAE04EC0-301F-11D3-BF4B-00C04F79EFBC}") = "MergeSort", "MergeSort\MergeSort.csproj", "{194E9350-F4B2-484D-9DBF-43411ED6DCD6}"
EndProject
Project("{FAE04EC0-301F-11D3-BF4B-00C04F79EFBC}") = "MergeSortTests", "MergeSortTests\MergeSortTests.csproj", "{0CAFD530-F129-4117-8158-1603ADEC20B1}"
EndProject
Global
	GlobalSection(SolutionConfigurationPlatforms) = preSolution
		Debug|Any CPU = Debug|Any CPU
		Release|Any CPU = Release|Any CPU
	EndGlobalSection
	GlobalSection(ProjectConfigurationPlatforms) = postSolution
		{194E9350-F4B2-484D-9DBF-43411ED6DCD6}.Debug|Any CPU.ActiveCfg = Debug|Any CPU
		{194E9350-F4B2-484D-9DBF-43411ED6DCD6}.Debug|Any CPU.Build.0 = Debug|Any CPU
		{194E9350-F4B2-484D-9DBF-43411ED6DCD6}.Release|Any CPU.ActiveCfg = Release|Any CPU
		{194E9350-F4B2-484D-9DBF-43411ED6DCD6}.Release|Any CPU.Build.0 = Release|Any CPU
		{0CAFD530-F129-4117-8158-1603ADEC20B1}.Debug|Any CPU.ActiveCfg = Debug|Any CPU
		{0CAFD530-F129-4117-8158-1603ADEC20B1}.Debug|Any CPU.Build.0 = Debug|Any CPU
		{0CAFD530-F129-4117-8158-1603ADEC20B1}.Release|Any CPU.ActiveCfg = Release|Any CPU
		{0CAFD530-F129-4117-8158-1603ADEC20B1}.Release|Any CPU.Build.0 = Release|Any CPU
	EndGlobalSection
	GlobalSection(SolutionProperties) = preSolution
		HideSolutionNode = FALSE
	EndGlobalSection
	GlobalSection(ExtensibilityGlobals) = postSolution
		SolutionGuid = {83A3E668-EFB5-491F-A5FE-AEB8CB79CD96}
	EndGlobalSection
EndGlobal
